
Microsoft Visual Studio Solution File, Format Version 12.00
# Visual Studio 15
VisualStudioVersion = 15.0.27703.2047
MinimumVisualStudioVersion = 10.0.40219.1
Project("{FAE04EC0-301F-11D3-BF4B-00C04F79EFBC}") = "lab1_XOR", "lab1_XOR\lab1_XOR.csproj", "{A9394A27-CB30-44FA-9655-8E5514FEAA48}"
EndProject
Global
	GlobalSection(SolutionConfigurationPlatforms) = preSolution
		Debug|Any CPU = Debug|Any CPU
		Release|Any CPU = Release|Any CPU
	EndGlobalSection
	GlobalSection(ProjectConfigurationPlatforms) = postSolution
		{A9394A27-CB30-44FA-9655-8E5514FEAA48}.Debug|Any CPU.ActiveCfg = Debug|Any CPU
		{A9394A27-CB30-44FA-9655-8E5514FEAA48}.Debug|Any CPU.Build.0 = Debug|Any CPU
		{A9394A27-CB30-44FA-9655-8E5514FEAA48}.Release|Any CPU.ActiveCfg = Release|Any CPU
		{A9394A27-CB30-44FA-9655-8E5514FEAA48}.Release|Any CPU.Build.0 = Release|Any CPU
	EndGlobalSection
	GlobalSection(SolutionProperties) = preSolution
		HideSolutionNode = FALSE
	EndGlobalSection
	GlobalSection(ExtensibilityGlobals) = postSolution
		SolutionGuid = {D71884CF-4A5B-455C-AA94-44D98EB88926}
	EndGlobalSection
EndGlobal
